
Microsoft Visual Studio Solution File, Format Version 12.00
# Visual Studio Version 16
VisualStudioVersion = 16.0.30804.86
MinimumVisualStudioVersion = 10.0.40219.1
Project("{FAE04EC0-301F-11D3-BF4B-00C04F79EFBC}") = "CommonizerRuler", "CommonizerRuler.csproj", "{F9BD8F4F-139D-4224-95EF-777E6A3A930F}"
EndProject
Global
	GlobalSection(SolutionConfigurationPlatforms) = preSolution
		Debug|Any CPU = Debug|Any CPU
		Release|Any CPU = Release|Any CPU
	EndGlobalSection
	GlobalSection(ProjectConfigurationPlatforms) = postSolution
		{F9BD8F4F-139D-4224-95EF-777E6A3A930F}.Debug|Any CPU.ActiveCfg = Debug|Any CPU
		{F9BD8F4F-139D-4224-95EF-777E6A3A930F}.Debug|Any CPU.Build.0 = Debug|Any CPU
		{F9BD8F4F-139D-4224-95EF-777E6A3A930F}.Release|Any CPU.ActiveCfg = Release|Any CPU
		{F9BD8F4F-139D-4224-95EF-777E6A3A930F}.Release|Any CPU.Build.0 = Release|Any CPU
	EndGlobalSection
	GlobalSection(SolutionProperties) = preSolution
		HideSolutionNode = FALSE
	EndGlobalSection
	GlobalSection(ExtensibilityGlobals) = postSolution
		SolutionGuid = {CE64F983-13E4-4595-82F9-FDD06CF7F626}
	EndGlobalSection
EndGlobal
